
Microsoft Visual Studio Solution File, Format Version 12.00
# Visual Studio 15
VisualStudioVersion = 15.0.27004.2008
MinimumVisualStudioVersion = 10.0.40219.1
Project("{FAE04EC0-301F-11D3-BF4B-00C04F79EFBC}") = "IDcard", "IDcard\IDcard.csproj", "{BCEA365B-9A54-4607-9CE5-5101E1B56082}"
EndProject
Global
	GlobalSection(SolutionConfigurationPlatforms) = preSolution
		Debug|Any CPU = Debug|Any CPU
		Release|Any CPU = Release|Any CPU
	EndGlobalSection
	GlobalSection(ProjectConfigurationPlatforms) = postSolution
		{BCEA365B-9A54-4607-9CE5-5101E1B56082}.Debug|Any CPU.ActiveCfg = Debug|Any CPU
		{BCEA365B-9A54-4607-9CE5-5101E1B56082}.Debug|Any CPU.Build.0 = Debug|Any CPU
		{BCEA365B-9A54-4607-9CE5-5101E1B56082}.Release|Any CPU.ActiveCfg = Release|Any CPU
		{BCEA365B-9A54-4607-9CE5-5101E1B56082}.Release|Any CPU.Build.0 = Release|Any CPU
	EndGlobalSection
	GlobalSection(SolutionProperties) = preSolution
		HideSolutionNode = FALSE
	EndGlobalSection
	GlobalSection(ExtensibilityGlobals) = postSolution
		SolutionGuid = {70A26048-09CB-443A-B8B4-A6E503EF0477}
	EndGlobalSection
EndGlobal
